
Microsoft Visual Studio Solution File, Format Version 12.00
# Visual Studio Version 17
VisualStudioVersion = 17.11.35303.130
MinimumVisualStudioVersion = 10.0.40219.1
Project("{FAE04EC0-301F-11D3-BF4B-00C04F79EFBC}") = "RestauranteDB", "RestauranteDB\RestauranteDB.csproj", "{D34B9CA2-49F4-4913-852E-A7A9283DEEF5}"
EndProject
Global
	GlobalSection(SolutionConfigurationPlatforms) = preSolution
		Debug|Any CPU = Debug|Any CPU
		Release|Any CPU = Release|Any CPU
	EndGlobalSection
	GlobalSection(ProjectConfigurationPlatforms) = postSolution
		{D34B9CA2-49F4-4913-852E-A7A9283DEEF5}.Debug|Any CPU.ActiveCfg = Debug|Any CPU
		{D34B9CA2-49F4-4913-852E-A7A9283DEEF5}.Debug|Any CPU.Build.0 = Debug|Any CPU
		{D34B9CA2-49F4-4913-852E-A7A9283DEEF5}.Release|Any CPU.ActiveCfg = Release|Any CPU
		{D34B9CA2-49F4-4913-852E-A7A9283DEEF5}.Release|Any CPU.Build.0 = Release|Any CPU
	EndGlobalSection
	GlobalSection(SolutionProperties) = preSolution
		HideSolutionNode = FALSE
	EndGlobalSection
	GlobalSection(ExtensibilityGlobals) = postSolution
		SolutionGuid = {910C94B4-00EA-492B-B4F8-CDDAF63BC08B}
	EndGlobalSection
EndGlobal
